// !$*UTF8*$!
{
	archiveVersion = 1;
	classes = {
	};
	objectVersion = 46;
	objects = {

/* Begin PBXBuildFile section */
		892ACE011B86EA2B0015FE3C /* main.m in Sources */ = {isa = PBXBuildFile; fileRef = 892ACE001B86EA2B0015FE3C /* main.m */; };
		892ACE041B86EA2B0015FE3C /* AppDelegate.m in Sources */ = {isa = PBXBuildFile; fileRef = 892ACE031B86EA2B0015FE3C /* AppDelegate.m */; };
		892ACE071B86EA2B0015FE3C /* Mapa.xcdatamodeld in Sources */ = {isa = PBXBuildFile; fileRef = 892ACE051B86EA2B0015FE3C /* Mapa.xcdatamodeld */; };
		892ACE0A1B86EA2B0015FE3C /* ViewController.m in Sources */ = {isa = PBXBuildFile; fileRef = 892ACE091B86EA2B0015FE3C /* ViewController.m */; };
		892ACE0D1B86EA2B0015FE3C /* Main.storyboard in Resources */ = {isa = PBXBuildFile; fileRef = 892ACE0B1B86EA2B0015FE3C /* Main.storyboard */; };
		892ACE0F1B86EA2B0015FE3C /* Images.xcassets in Resources */ = {isa = PBXBuildFile; fileRef = 892ACE0E1B86EA2B0015FE3C /* Images.xcassets */; };
		892ACE121B86EA2B0015FE3C /* LaunchScreen.xib in Resources */ = {isa = PBXBuildFile; fileRef = 892ACE101B86EA2B0015FE3C /* LaunchScreen.xib */; };
		892ACE1E1B86EA2B0015FE3C /* MapaTests.m in Sources */ = {isa = PBXBuildFile; fileRef = 892ACE1D1B86EA2B0015FE3C /* MapaTests.m */; };
/* End PBXBuildFile section */

/* Begin PBXContainerItemProxy section */
		892ACE181B86EA2B0015FE3C /* PBXContainerItemProxy */ = {
			isa = PBXContainerItemProxy;
			containerPortal = 892ACDF31B86EA2B0015FE3C /* Project object */;
			proxyType = 1;
			remoteGlobalIDString = 892ACDFA1B86EA2B0015FE3C;
			remoteInfo = Mapa;
		};
/* End PBXContainerItemProxy section */

/* Begin PBXFileReference section */
		892ACDFB1B86EA2B0015FE3C /* Mapa.app */ = {isa = PBXFileReference; explicitFileType = wrapper.application; includeInIndex = 0; path = Mapa.app; sourceTree = BUILT_PRODUCTS_DIR; };
		892ACDFF1B86EA2B0015FE3C /* Info.plist */ = {isa = PBXFileReference; lastKnownFileType = text.plist.xml; path = Info.plist; sourceTree = "<group>"; };
		892ACE001B86EA2B0015FE3C /* main.m */ = {isa = PBXFileReference; lastKnownFileType = sourcecode.c.objc; path = main.m; sourceTree = "<group>"; };
		892ACE021B86EA2B0015FE3C /* AppDelegate.h */ = {isa = PBXFileReference; lastKnownFileType = sourcecode.c.h; path = AppDelegate.h; sourceTree = "<group>"; };
		892ACE031B86EA2B0015FE3C /* AppDelegate.m */ = {isa = PBXFileReference; lastKnownFileType = sourcecode.c.objc; path = AppDelegate.m; sourceTree = "<group>"; };
		892ACE061B86EA2B0015FE3C /* Mapa.xcdatamodel */ = {isa = PBXFileReference; lastKnownFileType = wrapper.xcdatamodel; path = Mapa.xcdatamodel; sourceTree = "<group>"; };
		892ACE081B86EA2B0015FE3C /* ViewController.h */ = {isa = PBXFileReference; lastKnownFileType = sourcecode.c.h; path = ViewController.h; sourceTree = "<group>"; };
		892ACE091B86EA2B0015FE3C /* ViewController.m */ = {isa = PBXFileReference; lastKnownFileType = sourcecode.c.objc; path = ViewController.m; sourceTree = "<group>"; };
		892ACE0C1B86EA2B0015FE3C /* Base */ = {isa = PBXFileReference; lastKnownFileType = file.storyboard; name = Base; path = Base.lproj/Main.storyboard; sourceTree = "<group>"; };
		892ACE0E1B86EA2B0015FE3C /* Images.xcassets */ = {isa = PBXFileReference; lastKnownFileType = folder.assetcatalog; path = Images.xcassets; sourceTree = "<group>"; };
		892ACE111B86EA2B0015FE3C /* Base */ = {isa = PBXFileReference; lastKnownFileType = file.xib; name = Base; path = Base.lproj/LaunchScreen.xib; sourceTree = "<group>"; };
		892ACE171B86EA2B0015FE3C /* MapaTests.xctest */ = {isa = PBXFileReference; explicitFileType = wrapper.cfbundle; includeInIndex = 0; path = MapaTests.xctest; sourceTree = BUILT_PRODUCTS_DIR; };
		892ACE1C1B86EA2B0015FE3C /* Info.plist */ = {isa = PBXFileReference; lastKnownFileType = text.plist.xml; path = Info.plist; sourceTree = "<group>"; };
		892ACE1D1B86EA2B0015FE3C /* MapaTests.m */ = {isa = PBXFileReference; lastKnownFileType = sourcecode.c.objc; path = MapaTests.m; sourceTree = "<group>"; };
/* End PBXFileReference section */

/* Begin PBXFrameworksBuildPhase section */
		892ACDF81B86EA2B0015FE3C /* Frameworks */ = {
			isa = PBXFrameworksBuildPhase;
			buildActionMask = 2147483647;
			files = (
			);
			runOnlyForDeploymentPostprocessing = 0;
		};
		892ACE141B86EA2B0015FE3C /* Frameworks */ = {
			isa = PBXFrameworksBuildPhase;
			buildActionMask = 2147483647;
			files = (
			);
			runOnlyForDeploymentPostprocessing = 0;
		};
/* End PBXFrameworksBuildPhase section */

/* Begin PBXGroup section */
		892ACDF21B86EA2B0015FE3C = {
			isa = PBXGroup;
			children = (
				892ACDFD1B86EA2B0015FE3C /* Mapa */,
				892ACE1A1B86EA2B0015FE3C /* MapaTests */,
				892ACDFC1B86EA2B0015FE3C /* Products */,
			);
			sourceTree = "<group>";
		};
		892ACDFC1B86EA2B0015FE3C /* Products */ = {
			isa = PBXGroup;
			children = (
				892ACDFB1B86EA2B0015FE3C /* Mapa.app */,
				892ACE171B86EA2B0015FE3C /* MapaTests.xctest */,
			);
			name = Products;
			sourceTree = "<group>";
		};
		892ACDFD1B86EA2B0015FE3C /* Mapa */ = {
			isa = PBXGroup;
			children = (
				892ACE021B86EA2B0015FE3C /* AppDelegate.h */,
				892ACE031B86EA2B0015FE3C /* AppDelegate.m */,
				892ACE081B86EA2B0015FE3C /* ViewController.h */,
				892ACE091B86EA2B0015FE3C /* ViewController.m */,
				892ACE0B1B86EA2B0015FE3C /* Main.storyboard */,
				892ACE0E1B86EA2B0015FE3C /* Images.xcassets */,
				892ACE101B86EA2B0015FE3C /* LaunchScreen.xib */,
				892ACE051B86EA2B0015FE3C /* Mapa.xcdatamodeld */,
				892ACDFE1B86EA2B0015FE3C /* Supporting Files */,
			);
			path = Mapa;
			sourceTree = "<group>";
		};
		892ACDFE1B86EA2B0015FE3C /* Supporting Files */ = {
			isa = PBXGroup;
			children = (
				892ACDFF1B86EA2B0015FE3C /* Info.plist */,
				892ACE001B86EA2B0015FE3C /* main.m */,
			);
			name = "Supporting Files";
			sourceTree = "<group>";
		};
		892ACE1A1B86EA2B0015FE3C /* MapaTests */ = {
			isa = PBXGroup;
			children = (
				892ACE1D1B86EA2B0015FE3C /* MapaTests.m */,
				892ACE1B1B86EA2B0015FE3C /* Supporting Files */,
			);
			path = MapaTests;
			sourceTree = "<group>";
		};
		892ACE1B1B86EA2B0015FE3C /* Supporting Files */ = {
			isa = PBXGroup;
			children = (
				892ACE1C1B86EA2B0015FE3C /* Info.plist */,
			);
			name = "Supporting Files";
			sourceTree = "<group>";
		};
/* End PBXGroup section */

/* Begin PBXNativeTarget section */
		892ACDFA1B86EA2B0015FE3C /* Mapa */ = {
			isa = PBXNativeTarget;
			buildConfigurationList = 892ACE211B86EA2B0015FE3C /* Build configuration list for PBXNativeTarget "Mapa" */;
			buildPhases = (
				892ACDF71B86EA2B0015FE3C /* Sources */,
				892ACDF81B86EA2B0015FE3C /* Frameworks */,
				892ACDF91B86EA2B0015FE3C /* Resources */,
			);
			buildRules = (
			);
			dependencies = (
			);
			name = Mapa;
			productName = Mapa;
			productReference = 892ACDFB1B86EA2B0015FE3C /* Mapa.app */;
			productType = "com.apple.product-type.application";
		};
		892ACE161B86EA2B0015FE3C /* MapaTests */ = {
			isa = PBXNativeTarget;
			buildConfigurationList = 892ACE241B86EA2B0015FE3C /* Build configuration list for PBXNativeTarget "MapaTests" */;
			buildPhases = (
				892ACE131B86EA2B0015FE3C /* Sources */,
				892ACE141B86EA2B0015FE3C /* Frameworks */,
				892ACE151B86EA2B0015FE3C /* Resources */,
			);
			buildRules = (
			);
			dependencies = (
				892ACE191B86EA2B0015FE3C /* PBXTargetDependency */,
			);
			name = MapaTests;
			productName = MapaTests;
			productReference = 892ACE171B86EA2B0015FE3C /* MapaTests.xctest */;
			productType = "com.apple.product-type.bundle.unit-test";
		};
/* End PBXNativeTarget section */

/* Begin PBXProject section */
		892ACDF31B86EA2B0015FE3C /* Project object */ = {
			isa = PBXProject;
			attributes = {
				LastUpgradeCheck = 0640;
				ORGANIZATIONNAME = jesusnajar;
				TargetAttributes = {
					892ACDFA1B86EA2B0015FE3C = {
						CreatedOnToolsVersion = 6.4;
					};
					892ACE161B86EA2B0015FE3C = {
						CreatedOnToolsVersion = 6.4;
						TestTargetID = 892ACDFA1B86EA2B0015FE3C;
					};
				};
			};
			buildConfigurationList = 892ACDF61B86EA2B0015FE3C /* Build configuration list for PBXProject "Mapa" */;
			compatibilityVersion = "Xcode 3.2";
			developmentRegion = English;
			hasScannedForEncodings = 0;
			knownRegions = (
				en,
				Base,
			);
			mainGroup = 892ACDF21B86EA2B0015FE3C;
			productRefGroup = 892ACDFC1B86EA2B0015FE3C /* Products */;
			projectDirPath = "";
			projectRoot = "";
			targets = (
				892ACDFA1B86EA2B0015FE3C /* Mapa */,
				892ACE161B86EA2B0015FE3C /* MapaTests */,
			);
		};
/* End PBXProject section */

/* Begin PBXResourcesBuildPhase section */
		892ACDF91B86EA2B0015FE3C /* Resources */ = {
			isa = PBXResourcesBuildPhase;
			buildActionMask = 2147483647;
			files = (
				892ACE0D1B86EA2B0015FE3C /* Main.storyboard in Resources */,
				892ACE121B86EA2B0015FE3C /* LaunchScreen.xib in Resources */,
				892ACE0F1B86EA2B0015FE3C /* Images.xcassets in Resources */,
			);
			runOnlyForDeploymentPostprocessing = 0;
		};
		892ACE151B86EA2B0015FE3C /* Resources */ = {
			isa = PBXResourcesBuildPhase;
			buildActionMask = 2147483647;
			files = (
			);
			runOnlyForDeploymentPostprocessing = 0;
		};
/* End PBXResourcesBuildPhase section */

/* Begin PBXSourcesBuildPhase section */
		892ACDF71B86EA2B0015FE3C /* Sources */ = {
			isa = PBXSourcesBuildPhase;
			buildActionMask = 2147483647;
			files = (
				892ACE041B86EA2B0015FE3C /* AppDelegate.m in Sources */,
				892ACE011B86EA2B0015FE3C /* main.m in Sources */,
				892ACE0A1B86EA2B0015FE3C /* ViewController.m in Sources */,
				892ACE071B86EA2B0015FE3C /* Mapa.xcdatamodeld in Sources */,
			);
			runOnlyForDeploymentPostprocessing = 0;
		};
		892ACE131B86EA2B0015FE3C /* Sources */ = {
			isa = PBXSourcesBuildPhase;
			buildActionMask = 2147483647;
			files = (
				892ACE1E1B86EA2B0015FE3C /* MapaTests.m in Sources */,
			);
			runOnlyForDeploymentPostprocessing = 0;
		};
/* End PBXSourcesBuildPhase section */

/* Begin PBXTargetDependency section */
		892ACE191B86EA2B0015FE3C /* PBXTargetDependency */ = {
			isa = PBXTargetDependency;
			target = 892ACDFA1B86EA2B0015FE3C /* Mapa */;
			targetProxy = 892ACE181B86EA2B0015FE3C /* PBXContainerItemProxy */;
		};
/* End PBXTargetDependency section */

/* Begin PBXVariantGroup section */
		892ACE0B1B86EA2B0015FE3C /* Main.storyboard */ = {
			isa = PBXVariantGroup;
			children = (
				892ACE0C1B86EA2B0015FE3C /* Base */,
			);
			name = Main.storyboard;
			sourceTree = "<group>";
		};
		892ACE101B86EA2B0015FE3C /* LaunchScreen.xib */ = {
			isa = PBXVariantGroup;
			children = (
				892ACE111B86EA2B0015FE3C /* Base */,
			);
			name = LaunchScreen.xib;
			sourceTree = "<group>";
		};
/* End PBXVariantGroup section */

/* Begin XCBuildConfiguration section */
		892ACE1F1B86EA2B0015FE3C /* Debug */ = {
			isa = XCBuildConfiguration;
			buildSettings = {
				ALWAYS_SEARCH_USER_PATHS = NO;
				CLANG_CXX_LANGUAGE_STANDARD = "gnu++0x";
				CLANG_CXX_LIBRARY = "libc++";
				CLANG_ENABLE_MODULES = YES;
				CLANG_ENABLE_OBJC_ARC = YES;
				CLANG_WARN_BOOL_CONVERSION = YES;
				CLANG_WARN_CONSTANT_CONVERSION = YES;
				CLANG_WARN_DIRECT_OBJC_ISA_USAGE = YES_ERROR;
				CLANG_WARN_EMPTY_BODY = YES;
				CLANG_WARN_ENUM_CONVERSION = YES;
				CLANG_WARN_INT_CONVERSION = YES;
				CLANG_WARN_OBJC_ROOT_CLASS = YES_ERROR;
				CLANG_WARN_UNREACHABLE_CODE = YES;
				CLANG_WARN__DUPLICATE_METHOD_MATCH = YES;
				"CODE_SIGN_IDENTITY[sdk=iphoneos*]" = "iPhone Developer";
				COPY_PHASE_STRIP = NO;
				DEBUG_INFORMATION_FORMAT = "dwarf-with-dsym";
				ENABLE_STRICT_OBJC_MSGSEND = YES;
				GCC_C_LANGUAGE_STANDARD = gnu99;
				GCC_DYNAMIC_NO_PIC = NO;
				GCC_NO_COMMON_BLOCKS = YES;
				GCC_OPTIMIZATION_LEVEL = 0;
				GCC_PREPROCESSOR_DEFINITIONS = (
					"DEBUG=1",
					"$(inherited)",
				);
				GCC_SYMBOLS_PRIVATE_EXTERN = NO;
				GCC_WARN_64_TO_32_BIT_CONVERSION = YES;
				GCC_WARN_ABOUT_RETURN_TYPE = YES_ERROR;
				GCC_WARN_UNDECLARED_SELECTOR = YES;
				GCC_WARN_UNINITIALIZED_AUTOS = YES_AGGRESSIVE;
				GCC_WARN_UNUSED_FUNCTION = YES;
				GCC_WARN_UNUSED_VARIABLE = YES;
				IPHONEOS_DEPLOYMENT_TARGET = 8.4;
				MTL_ENABLE_DEBUG_INFO = YES;
				ONLY_ACTIVE_ARCH = YES;
				SDKROOT = iphoneos;
			};
			name = Debug;
		};
		892ACE201B86EA2B0015FE3C /* Release */ = {
			isa = XCBuildConfiguration;
			buildSettings = {
				ALWAYS_SEARCH_USER_PATHS = NO;
				CLANG_CXX_LANGUAGE_STANDARD = "gnu++0x";
				CLANG_CXX_LIBRARY = "libc++";
				CLANG_ENABLE_MODULES = YES;
				CLANG_ENABLE_OBJC_ARC = YES;
				CLANG_WARN_BOOL_CONVERSION = YES;
				CLANG_WARN_CONSTANT_CONVERSION = YES;
				CLANG_WARN_DIRECT_OBJC_ISA_USAGE = YES_ERROR;
				CLANG_WARN_EMPTY_BODY = YES;
				CLANG_WARN_ENUM_CONVERSION = YES;
				CLANG_WARN_INT_CONVERSION = YES;
				CLANG_WARN_OBJC_ROOT_CLASS = YES_ERROR;
				CLANG_WARN_UNREACHABLE_CODE = YES;
				CLANG_WARN__DUPLICATE_METHOD_MATCH = YES;
				"CODE_SIGN_IDENTITY[sdk=iphoneos*]" = "iPhone Developer";
				COPY_PHASE_STRIP = NO;
				DEBUG_INFORMATION_FORMAT = "dwarf-with-dsym";
				ENABLE_NS_ASSERTIONS = NO;
				ENABLE_STRICT_OBJC_MSGSEND = YES;
				GCC_C_LANGUAGE_STANDARD = gnu99;
				GCC_NO_COMMON_BLOCKS = YES;
				GCC_WARN_64_TO_32_BIT_CONVERSION = YES;
				GCC_WARN_ABOUT_RETURN_TYPE = YES_ERROR;
				GCC_WARN_UNDECLARED_SELECTOR = YES;
				GCC_WARN_UNINITIALIZED_AUTOS = YES_AGGRESSIVE;
				GCC_WARN_UNUSED_FUNCTION = YES;
				GCC_WARN_UNUSED_VARIABLE = YES;
				IPHONEOS_DEPLOYMENT_TARGET = 8.4;
				MTL_ENABLE_DEBUG_INFO = NO;
				SDKROOT = iphoneos;
				VALIDATE_PRODUCT = YES;
			};
			name = Release;
		};
		892ACE221B86EA2B0015FE3C /* Debug */ = {
			isa = XCBuildConfiguration;
			buildSettings = {
				ASSETCATALOG_COMPILER_APPICON_NAME = AppIcon;
				INFOPLIST_FILE = Mapa/Info.plist;
				LD_RUNPATH_SEARCH_PATHS = "$(inherited) @executable_path/Frameworks";
				PRODUCT_NAME = "$(TARGET_NAME)";
			};
			name = Debug;
		};
		892ACE231B86EA2B0015FE3C /* Release */ = {
			isa = XCBuildConfiguration;
			buildSettings = {
				ASSETCATALOG_COMPILER_APPICON_NAME = AppIcon;
				INFOPLIST_FILE = Mapa/Info.plist;
				LD_RUNPATH_SEARCH_PATHS = "$(inherited) @executable_path/Frameworks";
				PRODUCT_NAME = "$(TARGET_NAME)";
			};
			name = Release;
		};
		892ACE251B86EA2B0015FE3C /* Debug */ = {
			isa = XCBuildConfiguration;
			buildSettings = {
				BUNDLE_LOADER = "$(TEST_HOST)";
				FRAMEWORK_SEARCH_PATHS = (
					"$(SDKROOT)/Developer/Library/Frameworks",
					"$(inherited)",
				);
				GCC_PREPROCESSOR_DEFINITIONS = (
					"DEBUG=1",
					"$(inherited)",
				);
				INFOPLIST_FILE = MapaTests/Info.plist;
				LD_RUNPATH_SEARCH_PATHS = "$(inherited) @executable_path/Frameworks @loader_path/Frameworks";
				PRODUCT_NAME = "$(TARGET_NAME)";
				TEST_HOST = "$(BUILT_PRODUCTS_DIR)/Mapa.app/Mapa";
			};
			name = Debug;
		};
		892ACE261B86EA2B0015FE3C /* Release */ = {
			isa = XCBuildConfiguration;
			buildSettings = {
				BUNDLE_LOADER = "$(TEST_HOST)";
				FRAMEWORK_SEARCH_PATHS = (
					"$(SDKROOT)/Developer/Library/Frameworks",
					"$(inherited)",
				);
				INFOPLIST_FILE = MapaTests/Info.plist;
				LD_RUNPATH_SEARCH_PATHS = "$(inherited) @executable_path/Frameworks @loader_path/Frameworks";
				PRODUCT_NAME = "$(TARGET_NAME)";
				TEST_HOST = "$(BUILT_PRODUCTS_DIR)/Mapa.app/Mapa";
			};
			name = Release;
		};
/* End XCBuildConfiguration section */

/* Begin XCConfigurationList section */
		892ACDF61B86EA2B0015FE3C /* Build configuration list for PBXProject "Mapa" */ = {
			isa = XCConfigurationList;
			buildConfigurations = (
				892ACE1F1B86EA2B0015FE3C /* Debug */,
				892ACE201B86EA2B0015FE3C /* Release */,
			);
			defaultConfigurationIsVisible = 0;
			defaultConfigurationName = Release;
		};
		892ACE211B86EA2B0015FE3C /* Build configuration list for PBXNativeTarget "Mapa" */ = {
			isa = XCConfigurationList;
			buildConfigurations = (
				892ACE221B86EA2B0015FE3C /* Debug */,
				892ACE231B86EA2B0015FE3C /* Release */,
			);
			defaultConfigurationIsVisible = 0;
		};
		892ACE241B86EA2B0015FE3C /* Build configuration list for PBXNativeTarget "MapaTests" */ = {
			isa = XCConfigurationList;
			buildConfigurations = (
				892ACE251B86EA2B0015FE3C /* Debug */,
				892ACE261B86EA2B0015FE3C /* Release */,
			);
			defaultConfigurationIsVisible = 0;
		};
/* End XCConfigurationList section */

/* Begin XCVersionGroup section */
		892ACE051B86EA2B0015FE3C /* Mapa.xcdatamodeld */ = {
			isa = XCVersionGroup;
			children = (
				892ACE061B86EA2B0015FE3C /* Mapa.xcdatamodel */,
			);
			currentVersion = 892ACE061B86EA2B0015FE3C /* Mapa.xcdatamodel */;
			path = Mapa.xcdatamodeld;
			sourceTree = "<group>";
			versionGroupType = wrapper.xcdatamodel;
		};
/* End XCVersionGroup section */
	};
	rootObject = 892ACDF31B86EA2B0015FE3C /* Project object */;
}
