// !$*UTF8*$!
{
	archiveVersion = 1;
	classes = {
	};
	objectVersion = 46;
	objects = {

/* Begin PBXBuildFile section */
		35C070AD5E05790B41F48D8A /* libPods.a in Frameworks */ = {isa = PBXBuildFile; fileRef = 56D6B55A32330863E8FF2EBD /* libPods.a */; };
		892ACE011B86EA2B0015FE3C /* main.m in Sources */ = {isa = PBXBuildFile; fileRef = 892ACE001B86EA2B0015FE3C /* main.m */; };
		892ACE041B86EA2B0015FE3C /* AppDelegate.m in Sources */ = {isa = PBXBuildFile; fileRef = 892ACE031B86EA2B0015FE3C /* AppDelegate.m */; };
		892ACE071B86EA2B0015FE3C /* Mapa.xcdatamodeld in Sources */ = {isa = PBXBuildFile; fileRef = 892ACE051B86EA2B0015FE3C /* Mapa.xcdatamodeld */; };
		892ACE0A1B86EA2B0015FE3C /* Start.m in Sources */ = {isa = PBXBuildFile; fileRef = 892ACE091B86EA2B0015FE3C /* Start.m */; };
		892ACE0D1B86EA2B0015FE3C /* Main.storyboard in Resources */ = {isa = PBXBuildFile; fileRef = 892ACE0B1B86EA2B0015FE3C /* Main.storyboard */; };
		892ACE0F1B86EA2B0015FE3C /* Images.xcassets in Resources */ = {isa = PBXBuildFile; fileRef = 892ACE0E1B86EA2B0015FE3C /* Images.xcassets */; };
		892ACE121B86EA2B0015FE3C /* LaunchScreen.xib in Resources */ = {isa = PBXBuildFile; fileRef = 892ACE101B86EA2B0015FE3C /* LaunchScreen.xib */; };
		892ACE1E1B86EA2B0015FE3C /* MapaTests.m in Sources */ = {isa = PBXBuildFile; fileRef = 892ACE1D1B86EA2B0015FE3C /* MapaTests.m */; };
		892ACE291B86F03D0015FE3C /* MapaViewController.m in Sources */ = {isa = PBXBuildFile; fileRef = 892ACE281B86F03D0015FE3C /* MapaViewController.m */; };
		892ACE2D1B86F05E0015FE3C /* cellMapa.m in Sources */ = {isa = PBXBuildFile; fileRef = 892ACE2B1B86F05E0015FE3C /* cellMapa.m */; };
		892ACE2E1B86F05E0015FE3C /* cellMapa.xib in Resources */ = {isa = PBXBuildFile; fileRef = 892ACE2C1B86F05E0015FE3C /* cellMapa.xib */; };
		892ACE311B86F15E0015FE3C /* Declarations.m in Sources */ = {isa = PBXBuildFile; fileRef = 892ACE301B86F15E0015FE3C /* Declarations.m */; };
		892ACE331B86F9E20015FE3C /* Foundation.framework in Frameworks */ = {isa = PBXBuildFile; fileRef = 892ACE321B86F9E20015FE3C /* Foundation.framework */; };
		892ACE351B86F9E80015FE3C /* CoreFoundation.framework in Frameworks */ = {isa = PBXBuildFile; fileRef = 892ACE341B86F9E80015FE3C /* CoreFoundation.framework */; };
		892ACE391B870BE90015FE3C /* GoogleService-Info.plist in Resources */ = {isa = PBXBuildFile; fileRef = 892ACE381B870BE90015FE3C /* GoogleService-Info.plist */; };
		892ACE3B1B87126D0015FE3C /* libz.dylib in Frameworks */ = {isa = PBXBuildFile; fileRef = 892ACE3A1B87126D0015FE3C /* libz.dylib */; };
		892ACE3D1B8712800015FE3C /* SystemConfiguration.framework in Frameworks */ = {isa = PBXBuildFile; fileRef = 892ACE3C1B8712800015FE3C /* SystemConfiguration.framework */; };
		892ACE3F1B8712940015FE3C /* libsqlite3.dylib in Frameworks */ = {isa = PBXBuildFile; fileRef = 892ACE3E1B8712940015FE3C /* libsqlite3.dylib */; };
		892ACE411B8712F90015FE3C /* libGoogleAnalytics.a in Frameworks */ = {isa = PBXBuildFile; fileRef = 892ACE401B8712F90015FE3C /* libGoogleAnalytics.a */; };
/* End PBXBuildFile section */

/* Begin PBXContainerItemProxy section */
		892ACE181B86EA2B0015FE3C /* PBXContainerItemProxy */ = {
			isa = PBXContainerItemProxy;
			containerPortal = 892ACDF31B86EA2B0015FE3C /* Project object */;
			proxyType = 1;
			remoteGlobalIDString = 892ACDFA1B86EA2B0015FE3C;
			remoteInfo = Mapa;
		};
/* End PBXContainerItemProxy section */

/* Begin PBXFileReference section */
		56D6B55A32330863E8FF2EBD /* libPods.a */ = {isa = PBXFileReference; explicitFileType = archive.ar; includeInIndex = 0; path = libPods.a; sourceTree = BUILT_PRODUCTS_DIR; };
		5B6A35B6EDB95DB023254BF7 /* Pods.release.xcconfig */ = {isa = PBXFileReference; includeInIndex = 1; lastKnownFileType = text.xcconfig; name = Pods.release.xcconfig; path = "Pods/Target Support Files/Pods/Pods.release.xcconfig"; sourceTree = "<group>"; };
		892ACDFB1B86EA2B0015FE3C /* Mapa.app */ = {isa = PBXFileReference; explicitFileType = wrapper.application; includeInIndex = 0; path = Mapa.app; sourceTree = BUILT_PRODUCTS_DIR; };
		892ACDFF1B86EA2B0015FE3C /* Info.plist */ = {isa = PBXFileReference; lastKnownFileType = text.plist.xml; path = Info.plist; sourceTree = "<group>"; };
		892ACE001B86EA2B0015FE3C /* main.m */ = {isa = PBXFileReference; lastKnownFileType = sourcecode.c.objc; path = main.m; sourceTree = "<group>"; };
		892ACE021B86EA2B0015FE3C /* AppDelegate.h */ = {isa = PBXFileReference; lastKnownFileType = sourcecode.c.h; path = AppDelegate.h; sourceTree = "<group>"; };
		892ACE031B86EA2B0015FE3C /* AppDelegate.m */ = {isa = PBXFileReference; lastKnownFileType = sourcecode.c.objc; path = AppDelegate.m; sourceTree = "<group>"; };
		892ACE061B86EA2B0015FE3C /* Mapa.xcdatamodel */ = {isa = PBXFileReference; lastKnownFileType = wrapper.xcdatamodel; path = Mapa.xcdatamodel; sourceTree = "<group>"; };
		892ACE081B86EA2B0015FE3C /* Start.h */ = {isa = PBXFileReference; lastKnownFileType = sourcecode.c.h; path = Start.h; sourceTree = "<group>"; };
		892ACE091B86EA2B0015FE3C /* Start.m */ = {isa = PBXFileReference; lastKnownFileType = sourcecode.c.objc; path = Start.m; sourceTree = "<group>"; };
		892ACE0C1B86EA2B0015FE3C /* Base */ = {isa = PBXFileReference; lastKnownFileType = file.storyboard; name = Base; path = Base.lproj/Main.storyboard; sourceTree = "<group>"; };
		892ACE0E1B86EA2B0015FE3C /* Images.xcassets */ = {isa = PBXFileReference; lastKnownFileType = folder.assetcatalog; path = Images.xcassets; sourceTree = "<group>"; };
		892ACE111B86EA2B0015FE3C /* Base */ = {isa = PBXFileReference; lastKnownFileType = file.xib; name = Base; path = Base.lproj/LaunchScreen.xib; sourceTree = "<group>"; };
		892ACE171B86EA2B0015FE3C /* MapaTests.xctest */ = {isa = PBXFileReference; explicitFileType = wrapper.cfbundle; includeInIndex = 0; path = MapaTests.xctest; sourceTree = BUILT_PRODUCTS_DIR; };
		892ACE1C1B86EA2B0015FE3C /* Info.plist */ = {isa = PBXFileReference; lastKnownFileType = text.plist.xml; path = Info.plist; sourceTree = "<group>"; };
		892ACE1D1B86EA2B0015FE3C /* MapaTests.m */ = {isa = PBXFileReference; lastKnownFileType = sourcecode.c.objc; path = MapaTests.m; sourceTree = "<group>"; };
		892ACE271B86F03D0015FE3C /* MapaViewController.h */ = {isa = PBXFileReference; fileEncoding = 4; lastKnownFileType = sourcecode.c.h; path = MapaViewController.h; sourceTree = "<group>"; };
		892ACE281B86F03D0015FE3C /* MapaViewController.m */ = {isa = PBXFileReference; fileEncoding = 4; lastKnownFileType = sourcecode.c.objc; path = MapaViewController.m; sourceTree = "<group>"; };
		892ACE2A1B86F05E0015FE3C /* cellMapa.h */ = {isa = PBXFileReference; fileEncoding = 4; lastKnownFileType = sourcecode.c.h; path = cellMapa.h; sourceTree = "<group>"; };
		892ACE2B1B86F05E0015FE3C /* cellMapa.m */ = {isa = PBXFileReference; fileEncoding = 4; lastKnownFileType = sourcecode.c.objc; path = cellMapa.m; sourceTree = "<group>"; };
		892ACE2C1B86F05E0015FE3C /* cellMapa.xib */ = {isa = PBXFileReference; fileEncoding = 4; lastKnownFileType = file.xib; path = cellMapa.xib; sourceTree = "<group>"; };
		892ACE2F1B86F15E0015FE3C /* Declarations.h */ = {isa = PBXFileReference; fileEncoding = 4; lastKnownFileType = sourcecode.c.h; path = Declarations.h; sourceTree = "<group>"; };
		892ACE301B86F15E0015FE3C /* Declarations.m */ = {isa = PBXFileReference; fileEncoding = 4; lastKnownFileType = sourcecode.c.objc; path = Declarations.m; sourceTree = "<group>"; };
		892ACE321B86F9E20015FE3C /* Foundation.framework */ = {isa = PBXFileReference; lastKnownFileType = wrapper.framework; name = Foundation.framework; path = System/Library/Frameworks/Foundation.framework; sourceTree = SDKROOT; };
		892ACE341B86F9E80015FE3C /* CoreFoundation.framework */ = {isa = PBXFileReference; lastKnownFileType = wrapper.framework; name = CoreFoundation.framework; path = System/Library/Frameworks/CoreFoundation.framework; sourceTree = SDKROOT; };
		892ACE381B870BE90015FE3C /* GoogleService-Info.plist */ = {isa = PBXFileReference; fileEncoding = 4; lastKnownFileType = text.plist.xml; name = "GoogleService-Info.plist"; path = "Mapa/GoogleService-Info.plist"; sourceTree = "<group>"; };
		892ACE3A1B87126D0015FE3C /* libz.dylib */ = {isa = PBXFileReference; lastKnownFileType = "compiled.mach-o.dylib"; name = libz.dylib; path = usr/lib/libz.dylib; sourceTree = SDKROOT; };
		892ACE3C1B8712800015FE3C /* SystemConfiguration.framework */ = {isa = PBXFileReference; lastKnownFileType = wrapper.framework; name = SystemConfiguration.framework; path = System/Library/Frameworks/SystemConfiguration.framework; sourceTree = SDKROOT; };
		892ACE3E1B8712940015FE3C /* libsqlite3.dylib */ = {isa = PBXFileReference; lastKnownFileType = "compiled.mach-o.dylib"; name = libsqlite3.dylib; path = usr/lib/libsqlite3.dylib; sourceTree = SDKROOT; };
		892ACE401B8712F90015FE3C /* libGoogleAnalytics.a */ = {isa = PBXFileReference; lastKnownFileType = archive.ar; name = libGoogleAnalytics.a; path = Pods/GoogleAnalytics/Libraries/libGoogleAnalytics.a; sourceTree = "<group>"; };
		A9BA8C1E122DDAAE37C8E5E1 /* Pods.debug.xcconfig */ = {isa = PBXFileReference; includeInIndex = 1; lastKnownFileType = text.xcconfig; name = Pods.debug.xcconfig; path = "Pods/Target Support Files/Pods/Pods.debug.xcconfig"; sourceTree = "<group>"; };
/* End PBXFileReference section */

/* Begin PBXFrameworksBuildPhase section */
		892ACDF81B86EA2B0015FE3C /* Frameworks */ = {
			isa = PBXFrameworksBuildPhase;
			buildActionMask = 2147483647;
			files = (
				892ACE411B8712F90015FE3C /* libGoogleAnalytics.a in Frameworks */,
				892ACE3F1B8712940015FE3C /* libsqlite3.dylib in Frameworks */,
				892ACE3D1B8712800015FE3C /* SystemConfiguration.framework in Frameworks */,
				892ACE3B1B87126D0015FE3C /* libz.dylib in Frameworks */,
				892ACE351B86F9E80015FE3C /* CoreFoundation.framework in Frameworks */,
				892ACE331B86F9E20015FE3C /* Foundation.framework in Frameworks */,
				35C070AD5E05790B41F48D8A /* libPods.a in Frameworks */,
			);
			runOnlyForDeploymentPostprocessing = 0;
		};
		892ACE141B86EA2B0015FE3C /* Frameworks */ = {
			isa = PBXFrameworksBuildPhase;
			buildActionMask = 2147483647;
			files = (
			);
			runOnlyForDeploymentPostprocessing = 0;
		};
/* End PBXFrameworksBuildPhase section */

/* Begin PBXGroup section */
		83B07BE5F687A88503EC24D4 /* Pods */ = {
			isa = PBXGroup;
			children = (
				A9BA8C1E122DDAAE37C8E5E1 /* Pods.debug.xcconfig */,
				5B6A35B6EDB95DB023254BF7 /* Pods.release.xcconfig */,
			);
			name = Pods;
			sourceTree = "<group>";
		};
		892ACDF21B86EA2B0015FE3C = {
			isa = PBXGroup;
			children = (
				892ACE381B870BE90015FE3C /* GoogleService-Info.plist */,
				892ACDFD1B86EA2B0015FE3C /* Mapa */,
				892ACE1A1B86EA2B0015FE3C /* MapaTests */,
				892ACDFC1B86EA2B0015FE3C /* Products */,
				83B07BE5F687A88503EC24D4 /* Pods */,
				B8458BFD57B39CF78FED8CDB /* Frameworks */,
			);
			sourceTree = "<group>";
		};
		892ACDFC1B86EA2B0015FE3C /* Products */ = {
			isa = PBXGroup;
			children = (
				892ACDFB1B86EA2B0015FE3C /* Mapa.app */,
				892ACE171B86EA2B0015FE3C /* MapaTests.xctest */,
			);
			name = Products;
			sourceTree = "<group>";
		};
		892ACDFD1B86EA2B0015FE3C /* Mapa */ = {
			isa = PBXGroup;
			children = (
				892ACE021B86EA2B0015FE3C /* AppDelegate.h */,
				892ACE031B86EA2B0015FE3C /* AppDelegate.m */,
				892ACE081B86EA2B0015FE3C /* Start.h */,
				892ACE091B86EA2B0015FE3C /* Start.m */,
				892ACE0B1B86EA2B0015FE3C /* Main.storyboard */,
				892ACE0E1B86EA2B0015FE3C /* Images.xcassets */,
				892ACE101B86EA2B0015FE3C /* LaunchScreen.xib */,
				892ACE051B86EA2B0015FE3C /* Mapa.xcdatamodeld */,
				892ACDFE1B86EA2B0015FE3C /* Supporting Files */,
				892ACE271B86F03D0015FE3C /* MapaViewController.h */,
				892ACE281B86F03D0015FE3C /* MapaViewController.m */,
				892ACE2A1B86F05E0015FE3C /* cellMapa.h */,
				892ACE2B1B86F05E0015FE3C /* cellMapa.m */,
				892ACE2C1B86F05E0015FE3C /* cellMapa.xib */,
				892ACE2F1B86F15E0015FE3C /* Declarations.h */,
				892ACE301B86F15E0015FE3C /* Declarations.m */,
			);
			path = Mapa;
			sourceTree = "<group>";
		};
		892ACDFE1B86EA2B0015FE3C /* Supporting Files */ = {
			isa = PBXGroup;
			children = (
				892ACDFF1B86EA2B0015FE3C /* Info.plist */,
				892ACE001B86EA2B0015FE3C /* main.m */,
			);
			name = "Supporting Files";
			sourceTree = "<group>";
		};
		892ACE1A1B86EA2B0015FE3C /* MapaTests */ = {
			isa = PBXGroup;
			children = (
				892ACE1D1B86EA2B0015FE3C /* MapaTests.m */,
				892ACE1B1B86EA2B0015FE3C /* Supporting Files */,
			);
			path = MapaTests;
			sourceTree = "<group>";
		};
		892ACE1B1B86EA2B0015FE3C /* Supporting Files */ = {
			isa = PBXGroup;
			children = (
				892ACE1C1B86EA2B0015FE3C /* Info.plist */,
			);
			name = "Supporting Files";
			sourceTree = "<group>";
		};
		B8458BFD57B39CF78FED8CDB /* Frameworks */ = {
			isa = PBXGroup;
			children = (
				892ACE401B8712F90015FE3C /* libGoogleAnalytics.a */,
				892ACE3E1B8712940015FE3C /* libsqlite3.dylib */,
				892ACE3C1B8712800015FE3C /* SystemConfiguration.framework */,
				892ACE3A1B87126D0015FE3C /* libz.dylib */,
				892ACE341B86F9E80015FE3C /* CoreFoundation.framework */,
				892ACE321B86F9E20015FE3C /* Foundation.framework */,
				56D6B55A32330863E8FF2EBD /* libPods.a */,
			);
			name = Frameworks;
			sourceTree = "<group>";
		};
/* End PBXGroup section */

/* Begin PBXNativeTarget section */
		892ACDFA1B86EA2B0015FE3C /* Mapa */ = {
			isa = PBXNativeTarget;
			buildConfigurationList = 892ACE211B86EA2B0015FE3C /* Build configuration list for PBXNativeTarget "Mapa" */;
			buildPhases = (
				D1FE95A9E897F791F4B7EB52 /* Check Pods Manifest.lock */,
				892ACDF71B86EA2B0015FE3C /* Sources */,
				892ACDF81B86EA2B0015FE3C /* Frameworks */,
				892ACDF91B86EA2B0015FE3C /* Resources */,
				CD26A84EB3DE7B9D819429FC /* Copy Pods Resources */,
			);
			buildRules = (
			);
			dependencies = (
			);
			name = Mapa;
			productName = Mapa;
			productReference = 892ACDFB1B86EA2B0015FE3C /* Mapa.app */;
			productType = "com.apple.product-type.application";
		};
		892ACE161B86EA2B0015FE3C /* MapaTests */ = {
			isa = PBXNativeTarget;
			buildConfigurationList = 892ACE241B86EA2B0015FE3C /* Build configuration list for PBXNativeTarget "MapaTests" */;
			buildPhases = (
				892ACE131B86EA2B0015FE3C /* Sources */,
				892ACE141B86EA2B0015FE3C /* Frameworks */,
				892ACE151B86EA2B0015FE3C /* Resources */,
			);
			buildRules = (
			);
			dependencies = (
				892ACE191B86EA2B0015FE3C /* PBXTargetDependency */,
			);
			name = MapaTests;
			productName = MapaTests;
			productReference = 892ACE171B86EA2B0015FE3C /* MapaTests.xctest */;
			productType = "com.apple.product-type.bundle.unit-test";
		};
/* End PBXNativeTarget section */

/* Begin PBXProject section */
		892ACDF31B86EA2B0015FE3C /* Project object */ = {
			isa = PBXProject;
			attributes = {
				LastUpgradeCheck = 0640;
				ORGANIZATIONNAME = jesusnajar;
				TargetAttributes = {
					892ACDFA1B86EA2B0015FE3C = {
						CreatedOnToolsVersion = 6.4;
					};
					892ACE161B86EA2B0015FE3C = {
						CreatedOnToolsVersion = 6.4;
						TestTargetID = 892ACDFA1B86EA2B0015FE3C;
					};
				};
			};
			buildConfigurationList = 892ACDF61B86EA2B0015FE3C /* Build configuration list for PBXProject "Mapa" */;
			compatibilityVersion = "Xcode 3.2";
			developmentRegion = English;
			hasScannedForEncodings = 0;
			knownRegions = (
				en,
				Base,
			);
			mainGroup = 892ACDF21B86EA2B0015FE3C;
			productRefGroup = 892ACDFC1B86EA2B0015FE3C /* Products */;
			projectDirPath = "";
			projectRoot = "";
			targets = (
				892ACDFA1B86EA2B0015FE3C /* Mapa */,
				892ACE161B86EA2B0015FE3C /* MapaTests */,
			);
		};
/* End PBXProject section */

/* Begin PBXResourcesBuildPhase section */
		892ACDF91B86EA2B0015FE3C /* Resources */ = {
			isa = PBXResourcesBuildPhase;
			buildActionMask = 2147483647;
			files = (
				892ACE2E1B86F05E0015FE3C /* cellMapa.xib in Resources */,
				892ACE0D1B86EA2B0015FE3C /* Main.storyboard in Resources */,
				892ACE391B870BE90015FE3C /* GoogleService-Info.plist in Resources */,
				892ACE121B86EA2B0015FE3C /* LaunchScreen.xib in Resources */,
				892ACE0F1B86EA2B0015FE3C /* Images.xcassets in Resources */,
			);
			runOnlyForDeploymentPostprocessing = 0;
		};
		892ACE151B86EA2B0015FE3C /* Resources */ = {
			isa = PBXResourcesBuildPhase;
			buildActionMask = 2147483647;
			files = (
			);
			runOnlyForDeploymentPostprocessing = 0;
		};
/* End PBXResourcesBuildPhase section */

/* Begin PBXShellScriptBuildPhase section */
		CD26A84EB3DE7B9D819429FC /* Copy Pods Resources */ = {
			isa = PBXShellScriptBuildPhase;
			buildActionMask = 2147483647;
			files = (
			);
			inputPaths = (
			);
			name = "Copy Pods Resources";
			outputPaths = (
			);
			runOnlyForDeploymentPostprocessing = 0;
			shellPath = /bin/sh;
			shellScript = "\"${SRCROOT}/Pods/Target Support Files/Pods/Pods-resources.sh\"\n";
			showEnvVarsInLog = 0;
		};
		D1FE95A9E897F791F4B7EB52 /* Check Pods Manifest.lock */ = {
			isa = PBXShellScriptBuildPhase;
			buildActionMask = 2147483647;
			files = (
			);
			inputPaths = (
			);
			name = "Check Pods Manifest.lock";
			outputPaths = (
			);
			runOnlyForDeploymentPostprocessing = 0;
			shellPath = /bin/sh;
			shellScript = "diff \"${PODS_ROOT}/../Podfile.lock\" \"${PODS_ROOT}/Manifest.lock\" > /dev/null\nif [[ $? != 0 ]] ; then\n    cat << EOM\nerror: The sandbox is not in sync with the Podfile.lock. Run 'pod install' or update your CocoaPods installation.\nEOM\n    exit 1\nfi\n";
			showEnvVarsInLog = 0;
		};
/* End PBXShellScriptBuildPhase section */

/* Begin PBXSourcesBuildPhase section */
		892ACDF71B86EA2B0015FE3C /* Sources */ = {
			isa = PBXSourcesBuildPhase;
			buildActionMask = 2147483647;
			files = (
				892ACE041B86EA2B0015FE3C /* AppDelegate.m in Sources */,
				892ACE291B86F03D0015FE3C /* MapaViewController.m in Sources */,
				892ACE2D1B86F05E0015FE3C /* cellMapa.m in Sources */,
				892ACE311B86F15E0015FE3C /* Declarations.m in Sources */,
				892ACE011B86EA2B0015FE3C /* main.m in Sources */,
				892ACE0A1B86EA2B0015FE3C /* Start.m in Sources */,
				892ACE071B86EA2B0015FE3C /* Mapa.xcdatamodeld in Sources */,
			);
			runOnlyForDeploymentPostprocessing = 0;
		};
		892ACE131B86EA2B0015FE3C /* Sources */ = {
			isa = PBXSourcesBuildPhase;
			buildActionMask = 2147483647;
			files = (
				892ACE1E1B86EA2B0015FE3C /* MapaTests.m in Sources */,
			);
			runOnlyForDeploymentPostprocessing = 0;
		};
/* End PBXSourcesBuildPhase section */

/* Begin PBXTargetDependency section */
		892ACE191B86EA2B0015FE3C /* PBXTargetDependency */ = {
			isa = PBXTargetDependency;
			target = 892ACDFA1B86EA2B0015FE3C /* Mapa */;
			targetProxy = 892ACE181B86EA2B0015FE3C /* PBXContainerItemProxy */;
		};
/* End PBXTargetDependency section */

/* Begin PBXVariantGroup section */
		892ACE0B1B86EA2B0015FE3C /* Main.storyboard */ = {
			isa = PBXVariantGroup;
			children = (
				892ACE0C1B86EA2B0015FE3C /* Base */,
			);
			name = Main.storyboard;
			sourceTree = "<group>";
		};
		892ACE101B86EA2B0015FE3C /* LaunchScreen.xib */ = {
			isa = PBXVariantGroup;
			children = (
				892ACE111B86EA2B0015FE3C /* Base */,
			);
			name = LaunchScreen.xib;
			sourceTree = "<group>";
		};
/* End PBXVariantGroup section */

/* Begin XCBuildConfiguration section */
		892ACE1F1B86EA2B0015FE3C /* Debug */ = {
			isa = XCBuildConfiguration;
			buildSettings = {
				ALWAYS_SEARCH_USER_PATHS = NO;
				CLANG_CXX_LANGUAGE_STANDARD = "gnu++0x";
				CLANG_CXX_LIBRARY = "libc++";
				CLANG_ENABLE_MODULES = YES;
				CLANG_ENABLE_OBJC_ARC = YES;
				CLANG_WARN_BOOL_CONVERSION = YES;
				CLANG_WARN_CONSTANT_CONVERSION = YES;
				CLANG_WARN_DIRECT_OBJC_ISA_USAGE = YES_ERROR;
				CLANG_WARN_EMPTY_BODY = YES;
				CLANG_WARN_ENUM_CONVERSION = YES;
				CLANG_WARN_INT_CONVERSION = YES;
				CLANG_WARN_OBJC_ROOT_CLASS = YES_ERROR;
				CLANG_WARN_UNREACHABLE_CODE = YES;
				CLANG_WARN__DUPLICATE_METHOD_MATCH = YES;
				"CODE_SIGN_IDENTITY[sdk=iphoneos*]" = "iPhone Developer";
				COPY_PHASE_STRIP = NO;
				DEBUG_INFORMATION_FORMAT = "dwarf-with-dsym";
				ENABLE_STRICT_OBJC_MSGSEND = YES;
				GCC_C_LANGUAGE_STANDARD = gnu99;
				GCC_DYNAMIC_NO_PIC = NO;
				GCC_NO_COMMON_BLOCKS = YES;
				GCC_OPTIMIZATION_LEVEL = 0;
				GCC_PREPROCESSOR_DEFINITIONS = (
					"DEBUG=1",
					"$(inherited)",
				);
				GCC_SYMBOLS_PRIVATE_EXTERN = NO;
				GCC_WARN_64_TO_32_BIT_CONVERSION = YES;
				GCC_WARN_ABOUT_RETURN_TYPE = YES_ERROR;
				GCC_WARN_UNDECLARED_SELECTOR = YES;
				GCC_WARN_UNINITIALIZED_AUTOS = YES_AGGRESSIVE;
				GCC_WARN_UNUSED_FUNCTION = YES;
				GCC_WARN_UNUSED_VARIABLE = YES;
				IPHONEOS_DEPLOYMENT_TARGET = 8.4;
				MTL_ENABLE_DEBUG_INFO = YES;
				ONLY_ACTIVE_ARCH = YES;
				SDKROOT = iphoneos;
			};
			name = Debug;
		};
		892ACE201B86EA2B0015FE3C /* Release */ = {
			isa = XCBuildConfiguration;
			buildSettings = {
				ALWAYS_SEARCH_USER_PATHS = NO;
				CLANG_CXX_LANGUAGE_STANDARD = "gnu++0x";
				CLANG_CXX_LIBRARY = "libc++";
				CLANG_ENABLE_MODULES = YES;
				CLANG_ENABLE_OBJC_ARC = YES;
				CLANG_WARN_BOOL_CONVERSION = YES;
				CLANG_WARN_CONSTANT_CONVERSION = YES;
				CLANG_WARN_DIRECT_OBJC_ISA_USAGE = YES_ERROR;
				CLANG_WARN_EMPTY_BODY = YES;
				CLANG_WARN_ENUM_CONVERSION = YES;
				CLANG_WARN_INT_CONVERSION = YES;
				CLANG_WARN_OBJC_ROOT_CLASS = YES_ERROR;
				CLANG_WARN_UNREACHABLE_CODE = YES;
				CLANG_WARN__DUPLICATE_METHOD_MATCH = YES;
				"CODE_SIGN_IDENTITY[sdk=iphoneos*]" = "iPhone Developer";
				COPY_PHASE_STRIP = NO;
				DEBUG_INFORMATION_FORMAT = "dwarf-with-dsym";
				ENABLE_NS_ASSERTIONS = NO;
				ENABLE_STRICT_OBJC_MSGSEND = YES;
				GCC_C_LANGUAGE_STANDARD = gnu99;
				GCC_NO_COMMON_BLOCKS = YES;
				GCC_WARN_64_TO_32_BIT_CONVERSION = YES;
				GCC_WARN_ABOUT_RETURN_TYPE = YES_ERROR;
				GCC_WARN_UNDECLARED_SELECTOR = YES;
				GCC_WARN_UNINITIALIZED_AUTOS = YES_AGGRESSIVE;
				GCC_WARN_UNUSED_FUNCTION = YES;
				GCC_WARN_UNUSED_VARIABLE = YES;
				IPHONEOS_DEPLOYMENT_TARGET = 8.4;
				MTL_ENABLE_DEBUG_INFO = NO;
				SDKROOT = iphoneos;
				VALIDATE_PRODUCT = YES;
			};
			name = Release;
		};
		892ACE221B86EA2B0015FE3C /* Debug */ = {
			isa = XCBuildConfiguration;
			baseConfigurationReference = A9BA8C1E122DDAAE37C8E5E1 /* Pods.debug.xcconfig */;
			buildSettings = {
				ASSETCATALOG_COMPILER_APPICON_NAME = AppIcon;
				INFOPLIST_FILE = Mapa/Info.plist;
				LD_RUNPATH_SEARCH_PATHS = "$(inherited) @executable_path/Frameworks";
				LIBRARY_SEARCH_PATHS = (
					"$(inherited)",
					"$(PROJECT_DIR)/Pods/GoogleAnalytics/Libraries",
				);
				PRODUCT_NAME = "$(TARGET_NAME)";
			};
			name = Debug;
		};
		892ACE231B86EA2B0015FE3C /* Release */ = {
			isa = XCBuildConfiguration;
			baseConfigurationReference = 5B6A35B6EDB95DB023254BF7 /* Pods.release.xcconfig */;
			buildSettings = {
				ASSETCATALOG_COMPILER_APPICON_NAME = AppIcon;
				INFOPLIST_FILE = Mapa/Info.plist;
				LD_RUNPATH_SEARCH_PATHS = "$(inherited) @executable_path/Frameworks";
				LIBRARY_SEARCH_PATHS = (
					"$(inherited)",
					"$(PROJECT_DIR)/Pods/GoogleAnalytics/Libraries",
				);
				PRODUCT_NAME = "$(TARGET_NAME)";
			};
			name = Release;
		};
		892ACE251B86EA2B0015FE3C /* Debug */ = {
			isa = XCBuildConfiguration;
			buildSettings = {
				BUNDLE_LOADER = "$(TEST_HOST)";
				FRAMEWORK_SEARCH_PATHS = (
					"$(SDKROOT)/Developer/Library/Frameworks",
					"$(inherited)",
				);
				GCC_PREPROCESSOR_DEFINITIONS = (
					"DEBUG=1",
					"$(inherited)",
				);
				INFOPLIST_FILE = MapaTests/Info.plist;
				LD_RUNPATH_SEARCH_PATHS = "$(inherited) @executable_path/Frameworks @loader_path/Frameworks";
				PRODUCT_NAME = "$(TARGET_NAME)";
				TEST_HOST = "$(BUILT_PRODUCTS_DIR)/Mapa.app/Mapa";
			};
			name = Debug;
		};
		892ACE261B86EA2B0015FE3C /* Release */ = {
			isa = XCBuildConfiguration;
			buildSettings = {
				BUNDLE_LOADER = "$(TEST_HOST)";
				FRAMEWORK_SEARCH_PATHS = (
					"$(SDKROOT)/Developer/Library/Frameworks",
					"$(inherited)",
				);
				INFOPLIST_FILE = MapaTests/Info.plist;
				LD_RUNPATH_SEARCH_PATHS = "$(inherited) @executable_path/Frameworks @loader_path/Frameworks";
				PRODUCT_NAME = "$(TARGET_NAME)";
				TEST_HOST = "$(BUILT_PRODUCTS_DIR)/Mapa.app/Mapa";
			};
			name = Release;
		};
/* End XCBuildConfiguration section */

/* Begin XCConfigurationList section */
		892ACDF61B86EA2B0015FE3C /* Build configuration list for PBXProject "Mapa" */ = {
			isa = XCConfigurationList;
			buildConfigurations = (
				892ACE1F1B86EA2B0015FE3C /* Debug */,
				892ACE201B86EA2B0015FE3C /* Release */,
			);
			defaultConfigurationIsVisible = 0;
			defaultConfigurationName = Release;
		};
		892ACE211B86EA2B0015FE3C /* Build configuration list for PBXNativeTarget "Mapa" */ = {
			isa = XCConfigurationList;
			buildConfigurations = (
				892ACE221B86EA2B0015FE3C /* Debug */,
				892ACE231B86EA2B0015FE3C /* Release */,
			);
			defaultConfigurationIsVisible = 0;
			defaultConfigurationName = Release;
		};
		892ACE241B86EA2B0015FE3C /* Build configuration list for PBXNativeTarget "MapaTests" */ = {
			isa = XCConfigurationList;
			buildConfigurations = (
				892ACE251B86EA2B0015FE3C /* Debug */,
				892ACE261B86EA2B0015FE3C /* Release */,
			);
			defaultConfigurationIsVisible = 0;
			defaultConfigurationName = Release;
		};
/* End XCConfigurationList section */

/* Begin XCVersionGroup section */
		892ACE051B86EA2B0015FE3C /* Mapa.xcdatamodeld */ = {
			isa = XCVersionGroup;
			children = (
				892ACE061B86EA2B0015FE3C /* Mapa.xcdatamodel */,
			);
			currentVersion = 892ACE061B86EA2B0015FE3C /* Mapa.xcdatamodel */;
			path = Mapa.xcdatamodeld;
			sourceTree = "<group>";
			versionGroupType = wrapper.xcdatamodel;
		};
/* End XCVersionGroup section */
	};
	rootObject = 892ACDF31B86EA2B0015FE3C /* Project object */;
}
